# generated by rye
# use `rye lock` or `rye sync` to update this lockfile
#
# last locked with the following flags:
#   pre: false
#   features: []
#   all-features: false
#   with-sources: false

-e file:.
numpy==1.26.4
    # via invisible-watermark
    # via opencv-python
    # via pywavelets
opencv-python==4.9.0.80
    # via invisible-watermark
pillow==10.2.0
    # via invisible-watermark
pywavelets==1.5.0
    # via invisible-watermark
